
Microsoft Visual Studio Solution File, Format Version 12.00
# Visual Studio Version 17
VisualStudioVersion = 17.10.34916.146
MinimumVisualStudioVersion = 10.0.40219.1
Project("{FAE04EC0-301F-11D3-BF4B-00C04F79EFBC}") = "koncert", "koncert\koncert.csproj", "{CC840463-F400-4C64-9C9A-D05BA369FA31}"
EndProject
Global
	GlobalSection(SolutionConfigurationPlatforms) = preSolution
		Debug|Any CPU = Debug|Any CPU
		Release|Any CPU = Release|Any CPU
	EndGlobalSection
	GlobalSection(ProjectConfigurationPlatforms) = postSolution
		{CC840463-F400-4C64-9C9A-D05BA369FA31}.Debug|Any CPU.ActiveCfg = Debug|Any CPU
		{CC840463-F400-4C64-9C9A-D05BA369FA31}.Debug|Any CPU.Build.0 = Debug|Any CPU
		{CC840463-F400-4C64-9C9A-D05BA369FA31}.Release|Any CPU.ActiveCfg = Release|Any CPU
		{CC840463-F400-4C64-9C9A-D05BA369FA31}.Release|Any CPU.Build.0 = Release|Any CPU
	EndGlobalSection
	GlobalSection(SolutionProperties) = preSolution
		HideSolutionNode = FALSE
	EndGlobalSection
	GlobalSection(ExtensibilityGlobals) = postSolution
		SolutionGuid = {F4B47AD5-15A8-489B-A13C-74B8AE4D49E2}
	EndGlobalSection
EndGlobal
